
Microsoft Visual Studio Solution File, Format Version 12.00
# Visual Studio Version 17
VisualStudioVersion = 17.8.34511.84
MinimumVisualStudioVersion = 10.0.40219.1
Project("{9A19103F-16F7-4668-BE54-9A1E7A4F7556}") = "sciencehub-backend-core", "sciencehub-backend-core\sciencehub-backend-core.csproj", "{FC8B2B69-FAD1-448C-A0B0-8BBB2C7E901C}"
EndProject
Project("{9A19103F-16F7-4668-BE54-9A1E7A4F7556}") = "sciencehub-backend-community", "sciencehub-backend-community\sciencehub-backend-community.csproj", "{F259EFBD-AF0C-40D3-8B79-96C253280CC2}"
EndProject
Project("{FAE04EC0-301F-11D3-BF4B-00C04F79EFBC}") = "sciencehub-backend-api-gateway", "sciencehub-backend-api-gateway\sciencehub-backend-api-gateway.csproj", "{00A86796-EE05-4C1F-8DF8-5C86B86622DF}"
EndProject
Global
	GlobalSection(SolutionConfigurationPlatforms) = preSolution
		Debug|Any CPU = Debug|Any CPU
		Release|Any CPU = Release|Any CPU
	EndGlobalSection
	GlobalSection(ProjectConfigurationPlatforms) = postSolution
		{FC8B2B69-FAD1-448C-A0B0-8BBB2C7E901C}.Debug|Any CPU.ActiveCfg = Debug|Any CPU
		{FC8B2B69-FAD1-448C-A0B0-8BBB2C7E901C}.Debug|Any CPU.Build.0 = Debug|Any CPU
		{FC8B2B69-FAD1-448C-A0B0-8BBB2C7E901C}.Release|Any CPU.ActiveCfg = Release|Any CPU
		{FC8B2B69-FAD1-448C-A0B0-8BBB2C7E901C}.Release|Any CPU.Build.0 = Release|Any CPU
		{F259EFBD-AF0C-40D3-8B79-96C253280CC2}.Debug|Any CPU.ActiveCfg = Debug|Any CPU
		{F259EFBD-AF0C-40D3-8B79-96C253280CC2}.Debug|Any CPU.Build.0 = Debug|Any CPU
		{F259EFBD-AF0C-40D3-8B79-96C253280CC2}.Release|Any CPU.ActiveCfg = Release|Any CPU
		{F259EFBD-AF0C-40D3-8B79-96C253280CC2}.Release|Any CPU.Build.0 = Release|Any CPU
		{00A86796-EE05-4C1F-8DF8-5C86B86622DF}.Debug|Any CPU.ActiveCfg = Debug|Any CPU
		{00A86796-EE05-4C1F-8DF8-5C86B86622DF}.Debug|Any CPU.Build.0 = Debug|Any CPU
		{00A86796-EE05-4C1F-8DF8-5C86B86622DF}.Release|Any CPU.ActiveCfg = Release|Any CPU
		{00A86796-EE05-4C1F-8DF8-5C86B86622DF}.Release|Any CPU.Build.0 = Release|Any CPU
	EndGlobalSection
	GlobalSection(SolutionProperties) = preSolution
		HideSolutionNode = FALSE
	EndGlobalSection
	GlobalSection(ExtensibilityGlobals) = postSolution
		SolutionGuid = {F7678499-49BC-4F72-89F8-B0DB782B34E7}
	EndGlobalSection
EndGlobal
