
Microsoft Visual Studio Solution File, Format Version 12.00
# Visual Studio Version 17
VisualStudioVersion = 17.8.34511.84
MinimumVisualStudioVersion = 10.0.40219.1
Project("{9A19103F-16F7-4668-BE54-9A1E7A4F7556}") = "sciencehub-backend.IntegrationTests", "sciencehub-backend.IntegrationTests.csproj", "{58C659AB-2B2F-40AC-BEB8-8D079D2D0A91}"
EndProject
Global
	GlobalSection(SolutionConfigurationPlatforms) = preSolution
		Debug|Any CPU = Debug|Any CPU
		Release|Any CPU = Release|Any CPU
	EndGlobalSection
	GlobalSection(ProjectConfigurationPlatforms) = postSolution
		{58C659AB-2B2F-40AC-BEB8-8D079D2D0A91}.Debug|Any CPU.ActiveCfg = Debug|Any CPU
		{58C659AB-2B2F-40AC-BEB8-8D079D2D0A91}.Debug|Any CPU.Build.0 = Debug|Any CPU
		{58C659AB-2B2F-40AC-BEB8-8D079D2D0A91}.Release|Any CPU.ActiveCfg = Release|Any CPU
		{58C659AB-2B2F-40AC-BEB8-8D079D2D0A91}.Release|Any CPU.Build.0 = Release|Any CPU
	EndGlobalSection
	GlobalSection(SolutionProperties) = preSolution
		HideSolutionNode = FALSE
	EndGlobalSection
	GlobalSection(ExtensibilityGlobals) = postSolution
		SolutionGuid = {971C7341-156A-480C-8825-6D77EC198ADE}
	EndGlobalSection
EndGlobal
